
Microsoft Visual Studio Solution File, Format Version 12.00
# Visual Studio Version 17
VisualStudioVersion = 17.14.36408.4 d17.14
MinimumVisualStudioVersion = 10.0.40219.1
Project("{FAE04EC0-301F-11D3-BF4B-00C04F79EFBC}") = "Bookify.Web", "Bookify.Web.csproj", "{B1F06EBB-5932-413E-9367-2EFB4F852DD2}"
EndProject
Project("{FAE04EC0-301F-11D3-BF4B-00C04F79EFBC}") = "Bookify.Services", "..\Bookify.Services\Bookify.Services.csproj", "{47855F13-EDA3-4305-A32D-010F897C3D8A}"
EndProject
Project("{FAE04EC0-301F-11D3-BF4B-00C04F79EFBC}") = "Bookify.Data", "..\Bookify.Data\Bookify.Data.csproj", "{59F85474-6D1E-4A90-9AEE-B20F04BA3A3C}"
EndProject
Global
	GlobalSection(SolutionConfigurationPlatforms) = preSolution
		Debug|Any CPU = Debug|Any CPU
		Release|Any CPU = Release|Any CPU
	EndGlobalSection
	GlobalSection(ProjectConfigurationPlatforms) = postSolution
		{B1F06EBB-5932-413E-9367-2EFB4F852DD2}.Debug|Any CPU.ActiveCfg = Debug|Any CPU
		{B1F06EBB-5932-413E-9367-2EFB4F852DD2}.Debug|Any CPU.Build.0 = Debug|Any CPU
		{B1F06EBB-5932-413E-9367-2EFB4F852DD2}.Release|Any CPU.ActiveCfg = Release|Any CPU
		{B1F06EBB-5932-413E-9367-2EFB4F852DD2}.Release|Any CPU.Build.0 = Release|Any CPU
		{47855F13-EDA3-4305-A32D-010F897C3D8A}.Debug|Any CPU.ActiveCfg = Debug|Any CPU
		{47855F13-EDA3-4305-A32D-010F897C3D8A}.Debug|Any CPU.Build.0 = Debug|Any CPU
		{47855F13-EDA3-4305-A32D-010F897C3D8A}.Release|Any CPU.ActiveCfg = Release|Any CPU
		{47855F13-EDA3-4305-A32D-010F897C3D8A}.Release|Any CPU.Build.0 = Release|Any CPU
		{59F85474-6D1E-4A90-9AEE-B20F04BA3A3C}.Debug|Any CPU.ActiveCfg = Debug|Any CPU
		{59F85474-6D1E-4A90-9AEE-B20F04BA3A3C}.Debug|Any CPU.Build.0 = Debug|Any CPU
		{59F85474-6D1E-4A90-9AEE-B20F04BA3A3C}.Release|Any CPU.ActiveCfg = Release|Any CPU
		{59F85474-6D1E-4A90-9AEE-B20F04BA3A3C}.Release|Any CPU.Build.0 = Release|Any CPU
	EndGlobalSection
	GlobalSection(SolutionProperties) = preSolution
		HideSolutionNode = FALSE
	EndGlobalSection
	GlobalSection(ExtensibilityGlobals) = postSolution
		SolutionGuid = {29C0A63B-23D3-4490-8BBD-FD245F550E3A}
	EndGlobalSection
EndGlobal
